// !$*UTF8*$!
{
	archiveVersion = 1;
	classes = {
	};
	objectVersion = 46;
	objects = {

/* Begin PBXBuildFile section */
		6CC6D4041C154E7900958839 /* main.m in Sources */ = {isa = PBXBuildFile; fileRef = 6CC6D4031C154E7900958839 /* main.m */; };
		6CC6D4071C154E7900958839 /* AppDelegate.m in Sources */ = {isa = PBXBuildFile; fileRef = 6CC6D4061C154E7900958839 /* AppDelegate.m */; };
		6CC6D40F1C154E7900958839 /* Assets.xcassets in Resources */ = {isa = PBXBuildFile; fileRef = 6CC6D40E1C154E7900958839 /* Assets.xcassets */; };
		6CC6D4121C154E7900958839 /* LaunchScreen.storyboard in Resources */ = {isa = PBXBuildFile; fileRef = 6CC6D4101C154E7900958839 /* LaunchScreen.storyboard */; };
		6CC6D4201C154F8100958839 /* CSLTabBarController.m in Sources */ = {isa = PBXBuildFile; fileRef = 6CC6D41F1C154F8100958839 /* CSLTabBarController.m */; };
/* End PBXBuildFile section */

/* Begin PBXFileReference section */
		6CC6D3FF1C154E7900958839 /* HomeTool.app */ = {isa = PBXFileReference; explicitFileType = wrapper.application; includeInIndex = 0; path = HomeTool.app; sourceTree = BUILT_PRODUCTS_DIR; };
		6CC6D4031C154E7900958839 /* main.m */ = {isa = PBXFileReference; lastKnownFileType = sourcecode.c.objc; path = main.m; sourceTree = "<group>"; };
		6CC6D4051C154E7900958839 /* AppDelegate.h */ = {isa = PBXFileReference; lastKnownFileType = sourcecode.c.h; path = AppDelegate.h; sourceTree = "<group>"; };
		6CC6D4061C154E7900958839 /* AppDelegate.m */ = {isa = PBXFileReference; lastKnownFileType = sourcecode.c.objc; path = AppDelegate.m; sourceTree = "<group>"; };
		6CC6D40E1C154E7900958839 /* Assets.xcassets */ = {isa = PBXFileReference; lastKnownFileType = folder.assetcatalog; path = Assets.xcassets; sourceTree = "<group>"; };
		6CC6D4111C154E7900958839 /* Base */ = {isa = PBXFileReference; lastKnownFileType = file.storyboard; name = Base; path = Base.lproj/LaunchScreen.storyboard; sourceTree = "<group>"; };
		6CC6D4131C154E7900958839 /* Info.plist */ = {isa = PBXFileReference; lastKnownFileType = text.plist.xml; path = Info.plist; sourceTree = "<group>"; };
		6CC6D41E1C154F8100958839 /* CSLTabBarController.h */ = {isa = PBXFileReference; fileEncoding = 4; lastKnownFileType = sourcecode.c.h; name = CSLTabBarController.h; path = Tool/CSLTabBarController.h; sourceTree = "<group>"; };
		6CC6D41F1C154F8100958839 /* CSLTabBarController.m */ = {isa = PBXFileReference; fileEncoding = 4; lastKnownFileType = sourcecode.c.objc; name = CSLTabBarController.m; path = Tool/CSLTabBarController.m; sourceTree = "<group>"; };
/* End PBXFileReference section */

/* Begin PBXFrameworksBuildPhase section */
		6CC6D3FC1C154E7900958839 /* Frameworks */ = {
			isa = PBXFrameworksBuildPhase;
			buildActionMask = 2147483647;
			files = (
			);
			runOnlyForDeploymentPostprocessing = 0;
		};
/* End PBXFrameworksBuildPhase section */

/* Begin PBXGroup section */
		6CC6D3F61C154E7900958839 = {
			isa = PBXGroup;
			children = (
				6CC6D4011C154E7900958839 /* HomeTool */,
				6CC6D4001C154E7900958839 /* Products */,
			);
			sourceTree = "<group>";
		};
		6CC6D4001C154E7900958839 /* Products */ = {
			isa = PBXGroup;
			children = (
				6CC6D3FF1C154E7900958839 /* HomeTool.app */,
			);
			name = Products;
			sourceTree = "<group>";
		};
		6CC6D4011C154E7900958839 /* HomeTool */ = {
			isa = PBXGroup;
			children = (
				6CC6D41D1C154F4800958839 /* Model */,
				6CC6D41C1C154F3C00958839 /* View */,
				6CC6D41B1C154F2D00958839 /* Controller */,
				6CC6D41A1C154F2400958839 /* 3rd */,
				6CC6D4191C154F1E00958839 /* Tool */,
				6CC6D4051C154E7900958839 /* AppDelegate.h */,
				6CC6D4061C154E7900958839 /* AppDelegate.m */,
				6CC6D40E1C154E7900958839 /* Assets.xcassets */,
				6CC6D4101C154E7900958839 /* LaunchScreen.storyboard */,
				6CC6D4131C154E7900958839 /* Info.plist */,
				6CC6D4021C154E7900958839 /* Supporting Files */,
			);
			path = HomeTool;
			sourceTree = "<group>";
		};
		6CC6D4021C154E7900958839 /* Supporting Files */ = {
			isa = PBXGroup;
			children = (
				6CC6D4031C154E7900958839 /* main.m */,
			);
			name = "Supporting Files";
			sourceTree = "<group>";
		};
		6CC6D4191C154F1E00958839 /* Tool */ = {
			isa = PBXGroup;
			children = (
				6CC6D41E1C154F8100958839 /* CSLTabBarController.h */,
				6CC6D41F1C154F8100958839 /* CSLTabBarController.m */,
			);
			name = Tool;
			sourceTree = "<group>";
		};
		6CC6D41A1C154F2400958839 /* 3rd */ = {
			isa = PBXGroup;
			children = (
			);
			name = 3rd;
			sourceTree = "<group>";
		};
		6CC6D41B1C154F2D00958839 /* Controller */ = {
			isa = PBXGroup;
			children = (
				6CC6D4231C15543D00958839 /* health */,
				6CC6D4221C15540F00958839 /* weather */,
				6CC6D4211C1553B300958839 /* commontool */,
			);
			name = Controller;
			sourceTree = "<group>";
		};
		6CC6D41C1C154F3C00958839 /* View */ = {
			isa = PBXGroup;
			children = (
			);
			name = View;
			sourceTree = "<group>";
		};
		6CC6D41D1C154F4800958839 /* Model */ = {
			isa = PBXGroup;
			children = (
			);
			name = Model;
			sourceTree = "<group>";
		};
		6CC6D4211C1553B300958839 /* commontool */ = {
			isa = PBXGroup;
			children = (
			);
			name = commontool;
			sourceTree = "<group>";
		};
		6CC6D4221C15540F00958839 /* weather */ = {
			isa = PBXGroup;
			children = (
			);
			name = weather;
			sourceTree = "<group>";
		};
		6CC6D4231C15543D00958839 /* health */ = {
			isa = PBXGroup;
			children = (
			);
			name = health;
			sourceTree = "<group>";
		};
/* End PBXGroup section */

/* Begin PBXNativeTarget section */
		6CC6D3FE1C154E7900958839 /* HomeTool */ = {
			isa = PBXNativeTarget;
			buildConfigurationList = 6CC6D4161C154E7900958839 /* Build configuration list for PBXNativeTarget "HomeTool" */;
			buildPhases = (
				6CC6D3FB1C154E7900958839 /* Sources */,
				6CC6D3FC1C154E7900958839 /* Frameworks */,
				6CC6D3FD1C154E7900958839 /* Resources */,
			);
			buildRules = (
			);
			dependencies = (
			);
			name = HomeTool;
			productName = HomeTool;
			productReference = 6CC6D3FF1C154E7900958839 /* HomeTool.app */;
			productType = "com.apple.product-type.application";
		};
/* End PBXNativeTarget section */

/* Begin PBXProject section */
		6CC6D3F71C154E7900958839 /* Project object */ = {
			isa = PBXProject;
			attributes = {
				LastUpgradeCheck = 0710;
				ORGANIZATIONNAME = csl;
				TargetAttributes = {
					6CC6D3FE1C154E7900958839 = {
						CreatedOnToolsVersion = 7.1;
					};
				};
			};
			buildConfigurationList = 6CC6D3FA1C154E7900958839 /* Build configuration list for PBXProject "HomeTool" */;
			compatibilityVersion = "Xcode 3.2";
			developmentRegion = English;
			hasScannedForEncodings = 0;
			knownRegions = (
				en,
				Base,
			);
			mainGroup = 6CC6D3F61C154E7900958839;
			productRefGroup = 6CC6D4001C154E7900958839 /* Products */;
			projectDirPath = "";
			projectRoot = "";
			targets = (
				6CC6D3FE1C154E7900958839 /* HomeTool */,
			);
		};
/* End PBXProject section */

/* Begin PBXResourcesBuildPhase section */
		6CC6D3FD1C154E7900958839 /* Resources */ = {
			isa = PBXResourcesBuildPhase;
			buildActionMask = 2147483647;
			files = (
				6CC6D4121C154E7900958839 /* LaunchScreen.storyboard in Resources */,
				6CC6D40F1C154E7900958839 /* Assets.xcassets in Resources */,
			);
			runOnlyForDeploymentPostprocessing = 0;
		};
/* End PBXResourcesBuildPhase section */

/* Begin PBXSourcesBuildPhase section */
		6CC6D3FB1C154E7900958839 /* Sources */ = {
			isa = PBXSourcesBuildPhase;
			buildActionMask = 2147483647;
			files = (
				6CC6D4201C154F8100958839 /* CSLTabBarController.m in Sources */,
				6CC6D4071C154E7900958839 /* AppDelegate.m in Sources */,
				6CC6D4041C154E7900958839 /* main.m in Sources */,
			);
			runOnlyForDeploymentPostprocessing = 0;
		};
/* End PBXSourcesBuildPhase section */

/* Begin PBXVariantGroup section */
		6CC6D4101C154E7900958839 /* LaunchScreen.storyboard */ = {
			isa = PBXVariantGroup;
			children = (
				6CC6D4111C154E7900958839 /* Base */,
			);
			name = LaunchScreen.storyboard;
			sourceTree = "<group>";
		};
/* End PBXVariantGroup section */

/* Begin XCBuildConfiguration section */
		6CC6D4141C154E7900958839 /* Debug */ = {
			isa = XCBuildConfiguration;
			buildSettings = {
				ALWAYS_SEARCH_USER_PATHS = NO;
				CLANG_CXX_LANGUAGE_STANDARD = "gnu++0x";
				CLANG_CXX_LIBRARY = "libc++";
				CLANG_ENABLE_MODULES = YES;
				CLANG_ENABLE_OBJC_ARC = YES;
				CLANG_WARN_BOOL_CONVERSION = YES;
				CLANG_WARN_CONSTANT_CONVERSION = YES;
				CLANG_WARN_DIRECT_OBJC_ISA_USAGE = YES_ERROR;
				CLANG_WARN_EMPTY_BODY = YES;
				CLANG_WARN_ENUM_CONVERSION = YES;
				CLANG_WARN_INT_CONVERSION = YES;
				CLANG_WARN_OBJC_ROOT_CLASS = YES_ERROR;
				CLANG_WARN_UNREACHABLE_CODE = YES;
				CLANG_WARN__DUPLICATE_METHOD_MATCH = YES;
				"CODE_SIGN_IDENTITY[sdk=iphoneos*]" = "iPhone Developer";
				COPY_PHASE_STRIP = NO;
				DEBUG_INFORMATION_FORMAT = dwarf;
				ENABLE_STRICT_OBJC_MSGSEND = YES;
				ENABLE_TESTABILITY = YES;
				GCC_C_LANGUAGE_STANDARD = gnu99;
				GCC_DYNAMIC_NO_PIC = NO;
				GCC_NO_COMMON_BLOCKS = YES;
				GCC_OPTIMIZATION_LEVEL = 0;
				GCC_PREPROCESSOR_DEFINITIONS = (
					"DEBUG=1",
					"$(inherited)",
				);
				GCC_WARN_64_TO_32_BIT_CONVERSION = YES;
				GCC_WARN_ABOUT_RETURN_TYPE = YES_ERROR;
				GCC_WARN_UNDECLARED_SELECTOR = YES;
				GCC_WARN_UNINITIALIZED_AUTOS = YES_AGGRESSIVE;
				GCC_WARN_UNUSED_FUNCTION = YES;
				GCC_WARN_UNUSED_VARIABLE = YES;
				IPHONEOS_DEPLOYMENT_TARGET = 9.1;
				MTL_ENABLE_DEBUG_INFO = YES;
				ONLY_ACTIVE_ARCH = YES;
				SDKROOT = iphoneos;
			};
			name = Debug;
		};
		6CC6D4151C154E7900958839 /* Release */ = {
			isa = XCBuildConfiguration;
			buildSettings = {
				ALWAYS_SEARCH_USER_PATHS = NO;
				CLANG_CXX_LANGUAGE_STANDARD = "gnu++0x";
				CLANG_CXX_LIBRARY = "libc++";
				CLANG_ENABLE_MODULES = YES;
				CLANG_ENABLE_OBJC_ARC = YES;
				CLANG_WARN_BOOL_CONVERSION = YES;
				CLANG_WARN_CONSTANT_CONVERSION = YES;
				CLANG_WARN_DIRECT_OBJC_ISA_USAGE = YES_ERROR;
				CLANG_WARN_EMPTY_BODY = YES;
				CLANG_WARN_ENUM_CONVERSION = YES;
				CLANG_WARN_INT_CONVERSION = YES;
				CLANG_WARN_OBJC_ROOT_CLASS = YES_ERROR;
				CLANG_WARN_UNREACHABLE_CODE = YES;
				CLANG_WARN__DUPLICATE_METHOD_MATCH = YES;
				"CODE_SIGN_IDENTITY[sdk=iphoneos*]" = "iPhone Developer";
				COPY_PHASE_STRIP = NO;
				DEBUG_INFORMATION_FORMAT = "dwarf-with-dsym";
				ENABLE_NS_ASSERTIONS = NO;
				ENABLE_STRICT_OBJC_MSGSEND = YES;
				GCC_C_LANGUAGE_STANDARD = gnu99;
				GCC_NO_COMMON_BLOCKS = YES;
				GCC_WARN_64_TO_32_BIT_CONVERSION = YES;
				GCC_WARN_ABOUT_RETURN_TYPE = YES_ERROR;
				GCC_WARN_UNDECLARED_SELECTOR = YES;
				GCC_WARN_UNINITIALIZED_AUTOS = YES_AGGRESSIVE;
				GCC_WARN_UNUSED_FUNCTION = YES;
				GCC_WARN_UNUSED_VARIABLE = YES;
				IPHONEOS_DEPLOYMENT_TARGET = 9.1;
				MTL_ENABLE_DEBUG_INFO = NO;
				SDKROOT = iphoneos;
				VALIDATE_PRODUCT = YES;
			};
			name = Release;
		};
		6CC6D4171C154E7900958839 /* Debug */ = {
			isa = XCBuildConfiguration;
			buildSettings = {
				ASSETCATALOG_COMPILER_APPICON_NAME = AppIcon;
				ASSETCATALOG_COMPILER_LAUNCHIMAGE_NAME = "Brand Assets";
				INFOPLIST_FILE = HomeTool/Info.plist;
				LD_RUNPATH_SEARCH_PATHS = "$(inherited) @executable_path/Frameworks";
				PRODUCT_BUNDLE_IDENTIFIER = com.soft1537.HomeTool;
				PRODUCT_NAME = "$(TARGET_NAME)";
			};
			name = Debug;
		};
		6CC6D4181C154E7900958839 /* Release */ = {
			isa = XCBuildConfiguration;
			buildSettings = {
				ASSETCATALOG_COMPILER_APPICON_NAME = AppIcon;
				ASSETCATALOG_COMPILER_LAUNCHIMAGE_NAME = "Brand Assets";
				INFOPLIST_FILE = HomeTool/Info.plist;
				LD_RUNPATH_SEARCH_PATHS = "$(inherited) @executable_path/Frameworks";
				PRODUCT_BUNDLE_IDENTIFIER = com.soft1537.HomeTool;
				PRODUCT_NAME = "$(TARGET_NAME)";
			};
			name = Release;
		};
/* End XCBuildConfiguration section */

/* Begin XCConfigurationList section */
		6CC6D3FA1C154E7900958839 /* Build configuration list for PBXProject "HomeTool" */ = {
			isa = XCConfigurationList;
			buildConfigurations = (
				6CC6D4141C154E7900958839 /* Debug */,
				6CC6D4151C154E7900958839 /* Release */,
			);
			defaultConfigurationIsVisible = 0;
			defaultConfigurationName = Release;
		};
		6CC6D4161C154E7900958839 /* Build configuration list for PBXNativeTarget "HomeTool" */ = {
			isa = XCConfigurationList;
			buildConfigurations = (
				6CC6D4171C154E7900958839 /* Debug */,
				6CC6D4181C154E7900958839 /* Release */,
			);
			defaultConfigurationIsVisible = 0;
		};
/* End XCConfigurationList section */
	};
	rootObject = 6CC6D3F71C154E7900958839 /* Project object */;
}
